
Microsoft Visual Studio Solution File, Format Version 12.00
# Visual Studio Version 16
VisualStudioVersion = 16.0.28803.156
MinimumVisualStudioVersion = 10.0.40219.1
Project("{FAE04EC0-301F-11D3-BF4B-00C04F79EFBC}") = "ERFC", "ERFC\ERFC.csproj", "{D35A1CBE-B111-4B8D-AFA5-8BB9D0D43C01}"
EndProject
Global
	GlobalSection(SolutionConfigurationPlatforms) = preSolution
		Debug|Any CPU = Debug|Any CPU
		Release|Any CPU = Release|Any CPU
	EndGlobalSection
	GlobalSection(ProjectConfigurationPlatforms) = postSolution
		{D35A1CBE-B111-4B8D-AFA5-8BB9D0D43C01}.Debug|Any CPU.ActiveCfg = Debug|Any CPU
		{D35A1CBE-B111-4B8D-AFA5-8BB9D0D43C01}.Debug|Any CPU.Build.0 = Debug|Any CPU
		{D35A1CBE-B111-4B8D-AFA5-8BB9D0D43C01}.Release|Any CPU.ActiveCfg = Release|Any CPU
		{D35A1CBE-B111-4B8D-AFA5-8BB9D0D43C01}.Release|Any CPU.Build.0 = Release|Any CPU
	EndGlobalSection
	GlobalSection(SolutionProperties) = preSolution
		HideSolutionNode = FALSE
	EndGlobalSection
	GlobalSection(ExtensibilityGlobals) = postSolution
		SolutionGuid = {652C7BCB-24F9-43DA-97CB-8838DAB12636}
	EndGlobalSection
EndGlobal
